// !$*UTF8*$!
{
	archiveVersion = 1;
	classes = {
	};
	objectVersion = 56;
	objects = {

/* Begin PBXBuildFile section */
		9ECF7D8B2A02BC5800D45714 /* NJVCDeepLinkAppApp.swift in Sources */ = {isa = PBXBuildFile; fileRef = 9ECF7D8A2A02BC5800D45714 /* NJVCDeepLinkAppApp.swift */; };
		9ECF7D8D2A02BC5800D45714 /* ContentView.swift in Sources */ = {isa = PBXBuildFile; fileRef = 9ECF7D8C2A02BC5800D45714 /* ContentView.swift */; };
		9ECF7D8F2A02BC5A00D45714 /* Assets.xcassets in Resources */ = {isa = PBXBuildFile; fileRef = 9ECF7D8E2A02BC5A00D45714 /* Assets.xcassets */; };
		9ECF7D922A02BC5A00D45714 /* Preview Assets.xcassets in Resources */ = {isa = PBXBuildFile; fileRef = 9ECF7D912A02BC5A00D45714 /* Preview Assets.xcassets */; };
		9ECF7D9C2A02BC9700D45714 /* Tab.swift in Sources */ = {isa = PBXBuildFile; fileRef = 9ECF7D9B2A02BC9700D45714 /* Tab.swift */; };
		9ECF7D9F2A02F51B00D45714 /* HomeStack.swift in Sources */ = {isa = PBXBuildFile; fileRef = 9ECF7D9E2A02F51B00D45714 /* HomeStack.swift */; };
		9ECF7DA12A02F52C00D45714 /* FavouritesStack.swift in Sources */ = {isa = PBXBuildFile; fileRef = 9ECF7DA02A02F52C00D45714 /* FavouritesStack.swift */; };
		9ECF7DA32A02F53A00D45714 /* SettingsStack.swift in Sources */ = {isa = PBXBuildFile; fileRef = 9ECF7DA22A02F53A00D45714 /* SettingsStack.swift */; };
		9ECF7DA72A030A8F00D45714 /* AppData.swift in Sources */ = {isa = PBXBuildFile; fileRef = 9ECF7DA62A030A8F00D45714 /* AppData.swift */; };
		9ECF7DA92A030E6F00D45714 /* Home.swift in Sources */ = {isa = PBXBuildFile; fileRef = 9ECF7DA82A030E6F00D45714 /* Home.swift */; };
/* End PBXBuildFile section */

/* Begin PBXFileReference section */
		9ECF7D872A02BC5800D45714 /* NJVCDeepLinkApp.app */ = {isa = PBXFileReference; explicitFileType = wrapper.application; includeInIndex = 0; path = NJVCDeepLinkApp.app; sourceTree = BUILT_PRODUCTS_DIR; };
		9ECF7D8A2A02BC5800D45714 /* NJVCDeepLinkAppApp.swift */ = {isa = PBXFileReference; lastKnownFileType = sourcecode.swift; path = NJVCDeepLinkAppApp.swift; sourceTree = "<group>"; };
		9ECF7D8C2A02BC5800D45714 /* ContentView.swift */ = {isa = PBXFileReference; lastKnownFileType = sourcecode.swift; path = ContentView.swift; sourceTree = "<group>"; };
		9ECF7D8E2A02BC5A00D45714 /* Assets.xcassets */ = {isa = PBXFileReference; lastKnownFileType = folder.assetcatalog; path = Assets.xcassets; sourceTree = "<group>"; };
		9ECF7D912A02BC5A00D45714 /* Preview Assets.xcassets */ = {isa = PBXFileReference; lastKnownFileType = folder.assetcatalog; path = "Preview Assets.xcassets"; sourceTree = "<group>"; };
		9ECF7D9B2A02BC9700D45714 /* Tab.swift */ = {isa = PBXFileReference; lastKnownFileType = sourcecode.swift; path = Tab.swift; sourceTree = "<group>"; };
		9ECF7D9E2A02F51B00D45714 /* HomeStack.swift */ = {isa = PBXFileReference; lastKnownFileType = sourcecode.swift; path = HomeStack.swift; sourceTree = "<group>"; };
		9ECF7DA02A02F52C00D45714 /* FavouritesStack.swift */ = {isa = PBXFileReference; lastKnownFileType = sourcecode.swift; path = FavouritesStack.swift; sourceTree = "<group>"; };
		9ECF7DA22A02F53A00D45714 /* SettingsStack.swift */ = {isa = PBXFileReference; lastKnownFileType = sourcecode.swift; path = SettingsStack.swift; sourceTree = "<group>"; };
		9ECF7DA62A030A8F00D45714 /* AppData.swift */ = {isa = PBXFileReference; lastKnownFileType = sourcecode.swift; path = AppData.swift; sourceTree = "<group>"; };
		9ECF7DA82A030E6F00D45714 /* Home.swift */ = {isa = PBXFileReference; lastKnownFileType = sourcecode.swift; path = Home.swift; sourceTree = "<group>"; };
		9ECF7DAA2A03159800D45714 /* Info.plist */ = {isa = PBXFileReference; lastKnownFileType = text.plist; path = Info.plist; sourceTree = "<group>"; };
/* End PBXFileReference section */

/* Begin PBXFrameworksBuildPhase section */
		9ECF7D842A02BC5800D45714 /* Frameworks */ = {
			isa = PBXFrameworksBuildPhase;
			buildActionMask = 2147483647;
			files = (
			);
			runOnlyForDeploymentPostprocessing = 0;
		};
/* End PBXFrameworksBuildPhase section */

/* Begin PBXGroup section */
		9ECF7D7E2A02BC5800D45714 = {
			isa = PBXGroup;
			children = (
				9ECF7D892A02BC5800D45714 /* NJVCDeepLinkApp */,
				9ECF7D882A02BC5800D45714 /* Products */,
			);
			sourceTree = "<group>";
		};
		9ECF7D882A02BC5800D45714 /* Products */ = {
			isa = PBXGroup;
			children = (
				9ECF7D872A02BC5800D45714 /* NJVCDeepLinkApp.app */,
			);
			name = Products;
			sourceTree = "<group>";
		};
		9ECF7D892A02BC5800D45714 /* NJVCDeepLinkApp */ = {
			isa = PBXGroup;
			children = (
				9ECF7DAA2A03159800D45714 /* Info.plist */,
				9ECF7D992A02BC7300D45714 /* Model */,
				9ECF7D982A02BC6C00D45714 /* View */,
				9ECF7D8A2A02BC5800D45714 /* NJVCDeepLinkAppApp.swift */,
				9ECF7D8C2A02BC5800D45714 /* ContentView.swift */,
				9ECF7D8E2A02BC5A00D45714 /* Assets.xcassets */,
				9ECF7D902A02BC5A00D45714 /* Preview Content */,
			);
			path = NJVCDeepLinkApp;
			sourceTree = "<group>";
		};
		9ECF7D902A02BC5A00D45714 /* Preview Content */ = {
			isa = PBXGroup;
			children = (
				9ECF7D912A02BC5A00D45714 /* Preview Assets.xcassets */,
			);
			path = "Preview Content";
			sourceTree = "<group>";
		};
		9ECF7D982A02BC6C00D45714 /* View */ = {
			isa = PBXGroup;
			children = (
				9ECF7DA82A030E6F00D45714 /* Home.swift */,
			);
			path = View;
			sourceTree = "<group>";
		};
		9ECF7D992A02BC7300D45714 /* Model */ = {
			isa = PBXGroup;
			children = (
				9ECF7D9D2A02F29300D45714 /* NavStack */,
				9ECF7D9B2A02BC9700D45714 /* Tab.swift */,
				9ECF7DA62A030A8F00D45714 /* AppData.swift */,
			);
			path = Model;
			sourceTree = "<group>";
		};
		9ECF7D9D2A02F29300D45714 /* NavStack */ = {
			isa = PBXGroup;
			children = (
				9ECF7D9E2A02F51B00D45714 /* HomeStack.swift */,
				9ECF7DA02A02F52C00D45714 /* FavouritesStack.swift */,
				9ECF7DA22A02F53A00D45714 /* SettingsStack.swift */,
			);
			path = NavStack;
			sourceTree = "<group>";
		};
/* End PBXGroup section */

/* Begin PBXNativeTarget section */
		9ECF7D862A02BC5800D45714 /* NJVCDeepLinkApp */ = {
			isa = PBXNativeTarget;
			buildConfigurationList = 9ECF7D952A02BC5A00D45714 /* Build configuration list for PBXNativeTarget "NJVCDeepLinkApp" */;
			buildPhases = (
				9ECF7D832A02BC5800D45714 /* Sources */,
				9ECF7D842A02BC5800D45714 /* Frameworks */,
				9ECF7D852A02BC5800D45714 /* Resources */,
			);
			buildRules = (
			);
			dependencies = (
			);
			name = NJVCDeepLinkApp;
			productName = NJVCDeepLinkApp;
			productReference = 9ECF7D872A02BC5800D45714 /* NJVCDeepLinkApp.app */;
			productType = "com.apple.product-type.application";
		};
/* End PBXNativeTarget section */

/* Begin PBXProject section */
		9ECF7D7F2A02BC5800D45714 /* Project object */ = {
			isa = PBXProject;
			attributes = {
				BuildIndependentTargetsInParallel = 1;
				LastSwiftUpdateCheck = 1430;
				LastUpgradeCheck = 1430;
				TargetAttributes = {
					9ECF7D862A02BC5800D45714 = {
						CreatedOnToolsVersion = 14.3;
					};
				};
			};
			buildConfigurationList = 9ECF7D822A02BC5800D45714 /* Build configuration list for PBXProject "NJVCDeepLinkApp" */;
			compatibilityVersion = "Xcode 14.0";
			developmentRegion = en;
			hasScannedForEncodings = 0;
			knownRegions = (
				en,
				Base,
			);
			mainGroup = 9ECF7D7E2A02BC5800D45714;
			productRefGroup = 9ECF7D882A02BC5800D45714 /* Products */;
			projectDirPath = "";
			projectRoot = "";
			targets = (
				9ECF7D862A02BC5800D45714 /* NJVCDeepLinkApp */,
			);
		};
/* End PBXProject section */

/* Begin PBXResourcesBuildPhase section */
		9ECF7D852A02BC5800D45714 /* Resources */ = {
			isa = PBXResourcesBuildPhase;
			buildActionMask = 2147483647;
			files = (
				9ECF7D922A02BC5A00D45714 /* Preview Assets.xcassets in Resources */,
				9ECF7D8F2A02BC5A00D45714 /* Assets.xcassets in Resources */,
			);
			runOnlyForDeploymentPostprocessing = 0;
		};
/* End PBXResourcesBuildPhase section */

/* Begin PBXSourcesBuildPhase section */
		9ECF7D832A02BC5800D45714 /* Sources */ = {
			isa = PBXSourcesBuildPhase;
			buildActionMask = 2147483647;
			files = (
				9ECF7D9C2A02BC9700D45714 /* Tab.swift in Sources */,
				9ECF7DA32A02F53A00D45714 /* SettingsStack.swift in Sources */,
				9ECF7D9F2A02F51B00D45714 /* HomeStack.swift in Sources */,
				9ECF7DA12A02F52C00D45714 /* FavouritesStack.swift in Sources */,
				9ECF7D8D2A02BC5800D45714 /* ContentView.swift in Sources */,
				9ECF7D8B2A02BC5800D45714 /* NJVCDeepLinkAppApp.swift in Sources */,
				9ECF7DA92A030E6F00D45714 /* Home.swift in Sources */,
				9ECF7DA72A030A8F00D45714 /* AppData.swift in Sources */,
			);
			runOnlyForDeploymentPostprocessing = 0;
		};
/* End PBXSourcesBuildPhase section */

/* Begin XCBuildConfiguration section */
		9ECF7D932A02BC5A00D45714 /* Debug */ = {
			isa = XCBuildConfiguration;
			buildSettings = {
				ALWAYS_SEARCH_USER_PATHS = NO;
				CLANG_ANALYZER_NONNULL = YES;
				CLANG_ANALYZER_NUMBER_OBJECT_CONVERSION = YES_AGGRESSIVE;
				CLANG_CXX_LANGUAGE_STANDARD = "gnu++20";
				CLANG_ENABLE_MODULES = YES;
				CLANG_ENABLE_OBJC_ARC = YES;
				CLANG_ENABLE_OBJC_WEAK = YES;
				CLANG_WARN_BLOCK_CAPTURE_AUTORELEASING = YES;
				CLANG_WARN_BOOL_CONVERSION = YES;
				CLANG_WARN_COMMA = YES;
				CLANG_WARN_CONSTANT_CONVERSION = YES;
				CLANG_WARN_DEPRECATED_OBJC_IMPLEMENTATIONS = YES;
				CLANG_WARN_DIRECT_OBJC_ISA_USAGE = YES_ERROR;
				CLANG_WARN_DOCUMENTATION_COMMENTS = YES;
				CLANG_WARN_EMPTY_BODY = YES;
				CLANG_WARN_ENUM_CONVERSION = YES;
				CLANG_WARN_INFINITE_RECURSION = YES;
				CLANG_WARN_INT_CONVERSION = YES;
				CLANG_WARN_NON_LITERAL_NULL_CONVERSION = YES;
				CLANG_WARN_OBJC_IMPLICIT_RETAIN_SELF = YES;
				CLANG_WARN_OBJC_LITERAL_CONVERSION = YES;
				CLANG_WARN_OBJC_ROOT_CLASS = YES_ERROR;
				CLANG_WARN_QUOTED_INCLUDE_IN_FRAMEWORK_HEADER = YES;
				CLANG_WARN_RANGE_LOOP_ANALYSIS = YES;
				CLANG_WARN_STRICT_PROTOTYPES = YES;
				CLANG_WARN_SUSPICIOUS_MOVE = YES;
				CLANG_WARN_UNGUARDED_AVAILABILITY = YES_AGGRESSIVE;
				CLANG_WARN_UNREACHABLE_CODE = YES;
				CLANG_WARN__DUPLICATE_METHOD_MATCH = YES;
				COPY_PHASE_STRIP = NO;
				DEBUG_INFORMATION_FORMAT = dwarf;
				ENABLE_STRICT_OBJC_MSGSEND = YES;
				ENABLE_TESTABILITY = YES;
				GCC_C_LANGUAGE_STANDARD = gnu11;
				GCC_DYNAMIC_NO_PIC = NO;
				GCC_NO_COMMON_BLOCKS = YES;
				GCC_OPTIMIZATION_LEVEL = 0;
				GCC_PREPROCESSOR_DEFINITIONS = (
					"DEBUG=1",
					"$(inherited)",
				);
				GCC_WARN_64_TO_32_BIT_CONVERSION = YES;
				GCC_WARN_ABOUT_RETURN_TYPE = YES_ERROR;
				GCC_WARN_UNDECLARED_SELECTOR = YES;
				GCC_WARN_UNINITIALIZED_AUTOS = YES_AGGRESSIVE;
				GCC_WARN_UNUSED_FUNCTION = YES;
				GCC_WARN_UNUSED_VARIABLE = YES;
				IPHONEOS_DEPLOYMENT_TARGET = 16.4;
				MTL_ENABLE_DEBUG_INFO = INCLUDE_SOURCE;
				MTL_FAST_MATH = YES;
				ONLY_ACTIVE_ARCH = YES;
				SDKROOT = iphoneos;
				SWIFT_ACTIVE_COMPILATION_CONDITIONS = DEBUG;
				SWIFT_OPTIMIZATION_LEVEL = "-Onone";
			};
			name = Debug;
		};
		9ECF7D942A02BC5A00D45714 /* Release */ = {
			isa = XCBuildConfiguration;
			buildSettings = {
				ALWAYS_SEARCH_USER_PATHS = NO;
				CLANG_ANALYZER_NONNULL = YES;
				CLANG_ANALYZER_NUMBER_OBJECT_CONVERSION = YES_AGGRESSIVE;
				CLANG_CXX_LANGUAGE_STANDARD = "gnu++20";
				CLANG_ENABLE_MODULES = YES;
				CLANG_ENABLE_OBJC_ARC = YES;
				CLANG_ENABLE_OBJC_WEAK = YES;
				CLANG_WARN_BLOCK_CAPTURE_AUTORELEASING = YES;
				CLANG_WARN_BOOL_CONVERSION = YES;
				CLANG_WARN_COMMA = YES;
				CLANG_WARN_CONSTANT_CONVERSION = YES;
				CLANG_WARN_DEPRECATED_OBJC_IMPLEMENTATIONS = YES;
				CLANG_WARN_DIRECT_OBJC_ISA_USAGE = YES_ERROR;
				CLANG_WARN_DOCUMENTATION_COMMENTS = YES;
				CLANG_WARN_EMPTY_BODY = YES;
				CLANG_WARN_ENUM_CONVERSION = YES;
				CLANG_WARN_INFINITE_RECURSION = YES;
				CLANG_WARN_INT_CONVERSION = YES;
				CLANG_WARN_NON_LITERAL_NULL_CONVERSION = YES;
				CLANG_WARN_OBJC_IMPLICIT_RETAIN_SELF = YES;
				CLANG_WARN_OBJC_LITERAL_CONVERSION = YES;
				CLANG_WARN_OBJC_ROOT_CLASS = YES_ERROR;
				CLANG_WARN_QUOTED_INCLUDE_IN_FRAMEWORK_HEADER = YES;
				CLANG_WARN_RANGE_LOOP_ANALYSIS = YES;
				CLANG_WARN_STRICT_PROTOTYPES = YES;
				CLANG_WARN_SUSPICIOUS_MOVE = YES;
				CLANG_WARN_UNGUARDED_AVAILABILITY = YES_AGGRESSIVE;
				CLANG_WARN_UNREACHABLE_CODE = YES;
				CLANG_WARN__DUPLICATE_METHOD_MATCH = YES;
				COPY_PHASE_STRIP = NO;
				DEBUG_INFORMATION_FORMAT = "dwarf-with-dsym";
				ENABLE_NS_ASSERTIONS = NO;
				ENABLE_STRICT_OBJC_MSGSEND = YES;
				GCC_C_LANGUAGE_STANDARD = gnu11;
				GCC_NO_COMMON_BLOCKS = YES;
				GCC_WARN_64_TO_32_BIT_CONVERSION = YES;
				GCC_WARN_ABOUT_RETURN_TYPE = YES_ERROR;
				GCC_WARN_UNDECLARED_SELECTOR = YES;
				GCC_WARN_UNINITIALIZED_AUTOS = YES_AGGRESSIVE;
				GCC_WARN_UNUSED_FUNCTION = YES;
				GCC_WARN_UNUSED_VARIABLE = YES;
				IPHONEOS_DEPLOYMENT_TARGET = 16.4;
				MTL_ENABLE_DEBUG_INFO = NO;
				MTL_FAST_MATH = YES;
				SDKROOT = iphoneos;
				SWIFT_COMPILATION_MODE = wholemodule;
				SWIFT_OPTIMIZATION_LEVEL = "-O";
				VALIDATE_PRODUCT = YES;
			};
			name = Release;
		};
		9ECF7D962A02BC5A00D45714 /* Debug */ = {
			isa = XCBuildConfiguration;
			buildSettings = {
				ASSETCATALOG_COMPILER_APPICON_NAME = AppIcon;
				ASSETCATALOG_COMPILER_GLOBAL_ACCENT_COLOR_NAME = AccentColor;
				CODE_SIGN_STYLE = Automatic;
				CURRENT_PROJECT_VERSION = 1;
				DEVELOPMENT_ASSET_PATHS = "\"NJVCDeepLinkApp/Preview Content\"";
				DEVELOPMENT_TEAM = D87TH6V85Q;
				ENABLE_PREVIEWS = YES;
				GENERATE_INFOPLIST_FILE = YES;
				INFOPLIST_FILE = NJVCDeepLinkApp/Info.plist;
				INFOPLIST_KEY_UIApplicationSceneManifest_Generation = YES;
				INFOPLIST_KEY_UIApplicationSupportsIndirectInputEvents = YES;
				INFOPLIST_KEY_UILaunchScreen_Generation = YES;
				INFOPLIST_KEY_UISupportedInterfaceOrientations_iPad = "UIInterfaceOrientationPortrait UIInterfaceOrientationPortraitUpsideDown UIInterfaceOrientationLandscapeLeft UIInterfaceOrientationLandscapeRight";
				INFOPLIST_KEY_UISupportedInterfaceOrientations_iPhone = "UIInterfaceOrientationPortrait UIInterfaceOrientationLandscapeLeft UIInterfaceOrientationLandscapeRight";
				LD_RUNPATH_SEARCH_PATHS = (
					"$(inherited)",
					"@executable_path/Frameworks",
				);
				MARKETING_VERSION = 1.0;
				PRODUCT_BUNDLE_IDENTIFIER = com.nelidavalencia.NJVCDeepLinkApp;
				PRODUCT_NAME = "$(TARGET_NAME)";
				SWIFT_EMIT_LOC_STRINGS = YES;
				SWIFT_VERSION = 5.0;
				TARGETED_DEVICE_FAMILY = "1,2";
			};
			name = Debug;
		};
		9ECF7D972A02BC5A00D45714 /* Release */ = {
			isa = XCBuildConfiguration;
			buildSettings = {
				ASSETCATALOG_COMPILER_APPICON_NAME = AppIcon;
				ASSETCATALOG_COMPILER_GLOBAL_ACCENT_COLOR_NAME = AccentColor;
				CODE_SIGN_STYLE = Automatic;
				CURRENT_PROJECT_VERSION = 1;
				DEVELOPMENT_ASSET_PATHS = "\"NJVCDeepLinkApp/Preview Content\"";
				DEVELOPMENT_TEAM = D87TH6V85Q;
				ENABLE_PREVIEWS = YES;
				GENERATE_INFOPLIST_FILE = YES;
				INFOPLIST_FILE = NJVCDeepLinkApp/Info.plist;
				INFOPLIST_KEY_UIApplicationSceneManifest_Generation = YES;
				INFOPLIST_KEY_UIApplicationSupportsIndirectInputEvents = YES;
				INFOPLIST_KEY_UILaunchScreen_Generation = YES;
				INFOPLIST_KEY_UISupportedInterfaceOrientations_iPad = "UIInterfaceOrientationPortrait UIInterfaceOrientationPortraitUpsideDown UIInterfaceOrientationLandscapeLeft UIInterfaceOrientationLandscapeRight";
				INFOPLIST_KEY_UISupportedInterfaceOrientations_iPhone = "UIInterfaceOrientationPortrait UIInterfaceOrientationLandscapeLeft UIInterfaceOrientationLandscapeRight";
				LD_RUNPATH_SEARCH_PATHS = (
					"$(inherited)",
					"@executable_path/Frameworks",
				);
				MARKETING_VERSION = 1.0;
				PRODUCT_BUNDLE_IDENTIFIER = com.nelidavalencia.NJVCDeepLinkApp;
				PRODUCT_NAME = "$(TARGET_NAME)";
				SWIFT_EMIT_LOC_STRINGS = YES;
				SWIFT_VERSION = 5.0;
				TARGETED_DEVICE_FAMILY = "1,2";
			};
			name = Release;
		};
/* End XCBuildConfiguration section */

/* Begin XCConfigurationList section */
		9ECF7D822A02BC5800D45714 /* Build configuration list for PBXProject "NJVCDeepLinkApp" */ = {
			isa = XCConfigurationList;
			buildConfigurations = (
				9ECF7D932A02BC5A00D45714 /* Debug */,
				9ECF7D942A02BC5A00D45714 /* Release */,
			);
			defaultConfigurationIsVisible = 0;
			defaultConfigurationName = Release;
		};
		9ECF7D952A02BC5A00D45714 /* Build configuration list for PBXNativeTarget "NJVCDeepLinkApp" */ = {
			isa = XCConfigurationList;
			buildConfigurations = (
				9ECF7D962A02BC5A00D45714 /* Debug */,
				9ECF7D972A02BC5A00D45714 /* Release */,
			);
			defaultConfigurationIsVisible = 0;
			defaultConfigurationName = Release;
		};
/* End XCConfigurationList section */
	};
	rootObject = 9ECF7D7F2A02BC5800D45714 /* Project object */;
}
